
Microsoft Visual Studio Solution File, Format Version 12.00
# Visual Studio Version 17
VisualStudioVersion = 17.5.33516.290
MinimumVisualStudioVersion = 10.0.40219.1
Project("{FAE04EC0-301F-11D3-BF4B-00C04F79EFBC}") = "TechStack.API", "TechStack.API\TechStack.API.csproj", "{33615CA5-A425-4818-B0F3-B9429D77927E}"
EndProject
Project("{2150E333-8FDC-42A3-9474-1A3956D46DE8}") = "Solution Items", "Solution Items", "{96CD97CA-2FCD-43E5-A782-94D8550A6D40}"
	ProjectSection(SolutionItems) = preProject
		.editorconfig = .editorconfig
	EndProjectSection
EndProject
Global
	GlobalSection(SolutionConfigurationPlatforms) = preSolution
		Debug|Any CPU = Debug|Any CPU
		Release|Any CPU = Release|Any CPU
	EndGlobalSection
	GlobalSection(ProjectConfigurationPlatforms) = postSolution
		{33615CA5-A425-4818-B0F3-B9429D77927E}.Debug|Any CPU.ActiveCfg = Debug|Any CPU
		{33615CA5-A425-4818-B0F3-B9429D77927E}.Debug|Any CPU.Build.0 = Debug|Any CPU
		{33615CA5-A425-4818-B0F3-B9429D77927E}.Release|Any CPU.ActiveCfg = Release|Any CPU
		{33615CA5-A425-4818-B0F3-B9429D77927E}.Release|Any CPU.Build.0 = Release|Any CPU
	EndGlobalSection
	GlobalSection(SolutionProperties) = preSolution
		HideSolutionNode = FALSE
	EndGlobalSection
	GlobalSection(ExtensibilityGlobals) = postSolution
		SolutionGuid = {747A9015-E5D4-44F1-8D43-B02CCEC009E7}
	EndGlobalSection
EndGlobal
